
Microsoft Visual Studio Solution File, Format Version 12.00
# Visual Studio Version 17
VisualStudioVersion = 17.7.34003.232
MinimumVisualStudioVersion = 10.0.40219.1
Project("{FAE04EC0-301F-11D3-BF4B-00C04F79EFBC}") = "AppR", "AppR.csproj", "{D413E01D-ED51-47F1-8E7B-F78B79CCFDC4}"
EndProject
Global
	GlobalSection(SolutionConfigurationPlatforms) = preSolution
		Debug|Any CPU = Debug|Any CPU
		Release|Any CPU = Release|Any CPU
	EndGlobalSection
	GlobalSection(ProjectConfigurationPlatforms) = postSolution
		{D413E01D-ED51-47F1-8E7B-F78B79CCFDC4}.Debug|Any CPU.ActiveCfg = Debug|Any CPU
		{D413E01D-ED51-47F1-8E7B-F78B79CCFDC4}.Debug|Any CPU.Build.0 = Debug|Any CPU
		{D413E01D-ED51-47F1-8E7B-F78B79CCFDC4}.Release|Any CPU.ActiveCfg = Release|Any CPU
		{D413E01D-ED51-47F1-8E7B-F78B79CCFDC4}.Release|Any CPU.Build.0 = Release|Any CPU
	EndGlobalSection
	GlobalSection(SolutionProperties) = preSolution
		HideSolutionNode = FALSE
	EndGlobalSection
	GlobalSection(ExtensibilityGlobals) = postSolution
		SolutionGuid = {8742B5F6-0B4D-419E-9F74-B18AF38201C3}
	EndGlobalSection
EndGlobal
